// !$*UTF8*$!
{
	archiveVersion = 1;
	classes = {
	};
	objectVersion = 46;
	objects = {

/* Begin PBXBuildFile section */
		7F454F491F2F71F200D59172 /* add_marker.png in Resources */ = {isa = PBXBuildFile; fileRef = 7F454F471F2F71F200D59172 /* add_marker.png */; };
		7F454F4A1F2F71F200D59172 /* current_location.png in Resources */ = {isa = PBXBuildFile; fileRef = 7F454F481F2F71F200D59172 /* current_location.png */; };
		7F454F4C1F2F733200D59172 /* galleryMarker.png in Resources */ = {isa = PBXBuildFile; fileRef = 7F454F4B1F2F733200D59172 /* galleryMarker.png */; };
		7FE38CDB1F2F0F250052EC74 /* AppDelegate.swift in Sources */ = {isa = PBXBuildFile; fileRef = 7FE38CDA1F2F0F250052EC74 /* AppDelegate.swift */; };
		7FE38CE21F2F0F250052EC74 /* Assets.xcassets in Resources */ = {isa = PBXBuildFile; fileRef = 7FE38CE11F2F0F250052EC74 /* Assets.xcassets */; };
		7FE38CE51F2F0F250052EC74 /* LaunchScreen.storyboard in Resources */ = {isa = PBXBuildFile; fileRef = 7FE38CE31F2F0F250052EC74 /* LaunchScreen.storyboard */; };
		7FE38CF01F2F0F250052EC74 /* TripShipTests.swift in Sources */ = {isa = PBXBuildFile; fileRef = 7FE38CEF1F2F0F250052EC74 /* TripShipTests.swift */; };
		7FE38CFB1F2F0F260052EC74 /* TripShipUITests.swift in Sources */ = {isa = PBXBuildFile; fileRef = 7FE38CFA1F2F0F260052EC74 /* TripShipUITests.swift */; };
		7FE38D0B1F2F173F0052EC74 /* HomeViewController.swift in Sources */ = {isa = PBXBuildFile; fileRef = 7FE38D091F2F173F0052EC74 /* HomeViewController.swift */; };
		7FE38D0C1F2F173F0052EC74 /* HomeViewController.xib in Resources */ = {isa = PBXBuildFile; fileRef = 7FE38D0A1F2F173F0052EC74 /* HomeViewController.xib */; };
		7FE38D101F2F19060052EC74 /* logo.png in Resources */ = {isa = PBXBuildFile; fileRef = 7FE38D0F1F2F19060052EC74 /* logo.png */; };
		7FE38D141F2F199C0052EC74 /* SignupViewController.swift in Sources */ = {isa = PBXBuildFile; fileRef = 7FE38D121F2F199C0052EC74 /* SignupViewController.swift */; };
		7FE38D151F2F199C0052EC74 /* SignupViewController.xib in Resources */ = {isa = PBXBuildFile; fileRef = 7FE38D131F2F199C0052EC74 /* SignupViewController.xib */; };
		7FE38D191F2F20840052EC74 /* MapViewController.swift in Sources */ = {isa = PBXBuildFile; fileRef = 7FE38D171F2F20840052EC74 /* MapViewController.swift */; };
		7FE38D1A1F2F20840052EC74 /* MapViewController.xib in Resources */ = {isa = PBXBuildFile; fileRef = 7FE38D181F2F20840052EC74 /* MapViewController.xib */; };
		7FE38D1D1F2F24CC0052EC74 /* MapKit.framework in Frameworks */ = {isa = PBXBuildFile; fileRef = 7FE38D1C1F2F24CC0052EC74 /* MapKit.framework */; };
		7FE38D201F2F374C0052EC74 /* white.png in Resources */ = {isa = PBXBuildFile; fileRef = 7FE38D1F1F2F374C0052EC74 /* white.png */; };
		7FE38D231F2F6F480052EC74 /* marker.png in Resources */ = {isa = PBXBuildFile; fileRef = 7FE38D221F2F6F480052EC74 /* marker.png */; };
		7FFC27AE1F3075AD00352080 /* MarkerInfo.plist in Resources */ = {isa = PBXBuildFile; fileRef = 7FFC27AD1F3075AD00352080 /* MarkerInfo.plist */; };
/* End PBXBuildFile section */

/* Begin PBXContainerItemProxy section */
		7FE38CEC1F2F0F250052EC74 /* PBXContainerItemProxy */ = {
			isa = PBXContainerItemProxy;
			containerPortal = 7FE38CCF1F2F0F240052EC74 /* Project object */;
			proxyType = 1;
			remoteGlobalIDString = 7FE38CD61F2F0F240052EC74;
			remoteInfo = TripShip;
		};
		7FE38CF71F2F0F260052EC74 /* PBXContainerItemProxy */ = {
			isa = PBXContainerItemProxy;
			containerPortal = 7FE38CCF1F2F0F240052EC74 /* Project object */;
			proxyType = 1;
			remoteGlobalIDString = 7FE38CD61F2F0F240052EC74;
			remoteInfo = TripShip;
		};
/* End PBXContainerItemProxy section */

/* Begin PBXFileReference section */
		7F454F471F2F71F200D59172 /* add_marker.png */ = {isa = PBXFileReference; lastKnownFileType = image.png; name = add_marker.png; path = images/add_marker.png; sourceTree = "<group>"; };
		7F454F481F2F71F200D59172 /* current_location.png */ = {isa = PBXFileReference; lastKnownFileType = image.png; name = current_location.png; path = images/current_location.png; sourceTree = "<group>"; };
		7F454F4B1F2F733200D59172 /* galleryMarker.png */ = {isa = PBXFileReference; lastKnownFileType = image.png; name = galleryMarker.png; path = images/galleryMarker.png; sourceTree = "<group>"; };
		7FE38CD71F2F0F250052EC74 /* TripShip.app */ = {isa = PBXFileReference; explicitFileType = wrapper.application; includeInIndex = 0; path = TripShip.app; sourceTree = BUILT_PRODUCTS_DIR; };
		7FE38CDA1F2F0F250052EC74 /* AppDelegate.swift */ = {isa = PBXFileReference; lastKnownFileType = sourcecode.swift; path = AppDelegate.swift; sourceTree = "<group>"; };
		7FE38CE11F2F0F250052EC74 /* Assets.xcassets */ = {isa = PBXFileReference; lastKnownFileType = folder.assetcatalog; path = Assets.xcassets; sourceTree = "<group>"; };
		7FE38CE41F2F0F250052EC74 /* Base */ = {isa = PBXFileReference; lastKnownFileType = file.storyboard; name = Base; path = Base.lproj/LaunchScreen.storyboard; sourceTree = "<group>"; };
		7FE38CE61F2F0F250052EC74 /* Info.plist */ = {isa = PBXFileReference; lastKnownFileType = text.plist.xml; path = Info.plist; sourceTree = "<group>"; };
		7FE38CEB1F2F0F250052EC74 /* TripShipTests.xctest */ = {isa = PBXFileReference; explicitFileType = wrapper.cfbundle; includeInIndex = 0; path = TripShipTests.xctest; sourceTree = BUILT_PRODUCTS_DIR; };
		7FE38CEF1F2F0F250052EC74 /* TripShipTests.swift */ = {isa = PBXFileReference; lastKnownFileType = sourcecode.swift; path = TripShipTests.swift; sourceTree = "<group>"; };
		7FE38CF11F2F0F250052EC74 /* Info.plist */ = {isa = PBXFileReference; lastKnownFileType = text.plist.xml; path = Info.plist; sourceTree = "<group>"; };
		7FE38CF61F2F0F250052EC74 /* TripShipUITests.xctest */ = {isa = PBXFileReference; explicitFileType = wrapper.cfbundle; includeInIndex = 0; path = TripShipUITests.xctest; sourceTree = BUILT_PRODUCTS_DIR; };
		7FE38CFA1F2F0F260052EC74 /* TripShipUITests.swift */ = {isa = PBXFileReference; lastKnownFileType = sourcecode.swift; path = TripShipUITests.swift; sourceTree = "<group>"; };
		7FE38CFC1F2F0F260052EC74 /* Info.plist */ = {isa = PBXFileReference; lastKnownFileType = text.plist.xml; path = Info.plist; sourceTree = "<group>"; };
		7FE38D091F2F173F0052EC74 /* HomeViewController.swift */ = {isa = PBXFileReference; fileEncoding = 4; lastKnownFileType = sourcecode.swift; name = HomeViewController.swift; path = ViewControllers/HomeViewCotroller/HomeViewController.swift; sourceTree = "<group>"; };
		7FE38D0A1F2F173F0052EC74 /* HomeViewController.xib */ = {isa = PBXFileReference; fileEncoding = 4; lastKnownFileType = file.xib; name = HomeViewController.xib; path = ViewControllers/HomeViewCotroller/HomeViewController.xib; sourceTree = "<group>"; };
		7FE38D0F1F2F19060052EC74 /* logo.png */ = {isa = PBXFileReference; lastKnownFileType = image.png; name = logo.png; path = images/logo.png; sourceTree = "<group>"; };
		7FE38D121F2F199C0052EC74 /* SignupViewController.swift */ = {isa = PBXFileReference; fileEncoding = 4; lastKnownFileType = sourcecode.swift; name = SignupViewController.swift; path = ViewControllers/SignupViewController/SignupViewController.swift; sourceTree = "<group>"; };
		7FE38D131F2F199C0052EC74 /* SignupViewController.xib */ = {isa = PBXFileReference; fileEncoding = 4; lastKnownFileType = file.xib; name = SignupViewController.xib; path = ViewControllers/SignupViewController/SignupViewController.xib; sourceTree = "<group>"; };
		7FE38D171F2F20840052EC74 /* MapViewController.swift */ = {isa = PBXFileReference; fileEncoding = 4; lastKnownFileType = sourcecode.swift; name = MapViewController.swift; path = ViewControllers/MapViewController/MapViewController.swift; sourceTree = "<group>"; };
		7FE38D181F2F20840052EC74 /* MapViewController.xib */ = {isa = PBXFileReference; fileEncoding = 4; lastKnownFileType = file.xib; name = MapViewController.xib; path = ViewControllers/MapViewController/MapViewController.xib; sourceTree = "<group>"; };
		7FE38D1C1F2F24CC0052EC74 /* MapKit.framework */ = {isa = PBXFileReference; lastKnownFileType = wrapper.framework; name = MapKit.framework; path = System/Library/Frameworks/MapKit.framework; sourceTree = SDKROOT; };
		7FE38D1F1F2F374C0052EC74 /* white.png */ = {isa = PBXFileReference; lastKnownFileType = image.png; name = white.png; path = images/white.png; sourceTree = "<group>"; };
		7FE38D221F2F6F480052EC74 /* marker.png */ = {isa = PBXFileReference; lastKnownFileType = image.png; name = marker.png; path = images/marker.png; sourceTree = "<group>"; };
		7FFC27AD1F3075AD00352080 /* MarkerInfo.plist */ = {isa = PBXFileReference; fileEncoding = 4; lastKnownFileType = text.plist.xml; name = MarkerInfo.plist; path = MyPlist/MarkerInfo.plist; sourceTree = "<group>"; };
/* End PBXFileReference section */

/* Begin PBXFrameworksBuildPhase section */
		7FE38CD41F2F0F240052EC74 /* Frameworks */ = {
			isa = PBXFrameworksBuildPhase;
			buildActionMask = 2147483647;
			files = (
				7FE38D1D1F2F24CC0052EC74 /* MapKit.framework in Frameworks */,
			);
			runOnlyForDeploymentPostprocessing = 0;
		};
		7FE38CE81F2F0F250052EC74 /* Frameworks */ = {
			isa = PBXFrameworksBuildPhase;
			buildActionMask = 2147483647;
			files = (
			);
			runOnlyForDeploymentPostprocessing = 0;
		};
		7FE38CF31F2F0F250052EC74 /* Frameworks */ = {
			isa = PBXFrameworksBuildPhase;
			buildActionMask = 2147483647;
			files = (
			);
			runOnlyForDeploymentPostprocessing = 0;
		};
/* End PBXFrameworksBuildPhase section */

/* Begin PBXGroup section */
		7FE38CCE1F2F0F240052EC74 = {
			isa = PBXGroup;
			children = (
				7FE38CD91F2F0F250052EC74 /* TripShip */,
				7FE38CEE1F2F0F250052EC74 /* TripShipTests */,
				7FE38CF91F2F0F260052EC74 /* TripShipUITests */,
				7FE38CD81F2F0F250052EC74 /* Products */,
				7FE38D1B1F2F24CC0052EC74 /* Frameworks */,
			);
			sourceTree = "<group>";
		};
		7FE38CD81F2F0F250052EC74 /* Products */ = {
			isa = PBXGroup;
			children = (
				7FE38CD71F2F0F250052EC74 /* TripShip.app */,
				7FE38CEB1F2F0F250052EC74 /* TripShipTests.xctest */,
				7FE38CF61F2F0F250052EC74 /* TripShipUITests.xctest */,
			);
			name = Products;
			sourceTree = "<group>";
		};
		7FE38CD91F2F0F250052EC74 /* TripShip */ = {
			isa = PBXGroup;
			children = (
				7FFC27AC1F30757100352080 /* MyPlist */,
				7FE38D0E1F2F18CD0052EC74 /* images */,
				7FE38D081F2F171E0052EC74 /* ViewControllers */,
				7FE38CDA1F2F0F250052EC74 /* AppDelegate.swift */,
				7FE38CE11F2F0F250052EC74 /* Assets.xcassets */,
				7FE38CE31F2F0F250052EC74 /* LaunchScreen.storyboard */,
				7FE38CE61F2F0F250052EC74 /* Info.plist */,
			);
			path = TripShip;
			sourceTree = "<group>";
		};
		7FE38CEE1F2F0F250052EC74 /* TripShipTests */ = {
			isa = PBXGroup;
			children = (
				7FE38CEF1F2F0F250052EC74 /* TripShipTests.swift */,
				7FE38CF11F2F0F250052EC74 /* Info.plist */,
			);
			path = TripShipTests;
			sourceTree = "<group>";
		};
		7FE38CF91F2F0F260052EC74 /* TripShipUITests */ = {
			isa = PBXGroup;
			children = (
				7FE38CFA1F2F0F260052EC74 /* TripShipUITests.swift */,
				7FE38CFC1F2F0F260052EC74 /* Info.plist */,
			);
			path = TripShipUITests;
			sourceTree = "<group>";
		};
		7FE38D081F2F171E0052EC74 /* ViewControllers */ = {
			isa = PBXGroup;
			children = (
				7FE38D161F2F204B0052EC74 /* MapViewController */,
				7FE38D111F2F197D0052EC74 /* SignupViewController */,
				7FE38D0D1F2F17440052EC74 /* HomeViewController */,
			);
			name = ViewControllers;
			sourceTree = "<group>";
		};
		7FE38D0D1F2F17440052EC74 /* HomeViewController */ = {
			isa = PBXGroup;
			children = (
				7FE38D091F2F173F0052EC74 /* HomeViewController.swift */,
				7FE38D0A1F2F173F0052EC74 /* HomeViewController.xib */,
			);
			name = HomeViewController;
			sourceTree = "<group>";
		};
		7FE38D0E1F2F18CD0052EC74 /* images */ = {
			isa = PBXGroup;
			children = (
				7F454F4B1F2F733200D59172 /* galleryMarker.png */,
				7F454F471F2F71F200D59172 /* add_marker.png */,
				7F454F481F2F71F200D59172 /* current_location.png */,
				7FE38D221F2F6F480052EC74 /* marker.png */,
				7FE38D1F1F2F374C0052EC74 /* white.png */,
				7FE38D0F1F2F19060052EC74 /* logo.png */,
			);
			name = images;
			sourceTree = "<group>";
		};
		7FE38D111F2F197D0052EC74 /* SignupViewController */ = {
			isa = PBXGroup;
			children = (
				7FE38D121F2F199C0052EC74 /* SignupViewController.swift */,
				7FE38D131F2F199C0052EC74 /* SignupViewController.xib */,
			);
			name = SignupViewController;
			sourceTree = "<group>";
		};
		7FE38D161F2F204B0052EC74 /* MapViewController */ = {
			isa = PBXGroup;
			children = (
				7FE38D171F2F20840052EC74 /* MapViewController.swift */,
				7FE38D181F2F20840052EC74 /* MapViewController.xib */,
			);
			name = MapViewController;
			sourceTree = "<group>";
		};
		7FE38D1B1F2F24CC0052EC74 /* Frameworks */ = {
			isa = PBXGroup;
			children = (
				7FE38D1C1F2F24CC0052EC74 /* MapKit.framework */,
			);
			name = Frameworks;
			sourceTree = "<group>";
		};
		7FFC27AC1F30757100352080 /* MyPlist */ = {
			isa = PBXGroup;
			children = (
				7FFC27AD1F3075AD00352080 /* MarkerInfo.plist */,
			);
			name = MyPlist;
			sourceTree = "<group>";
		};
/* End PBXGroup section */

/* Begin PBXNativeTarget section */
		7FE38CD61F2F0F240052EC74 /* TripShip */ = {
			isa = PBXNativeTarget;
			buildConfigurationList = 7FE38CFF1F2F0F260052EC74 /* Build configuration list for PBXNativeTarget "TripShip" */;
			buildPhases = (
				7FE38CD31F2F0F240052EC74 /* Sources */,
				7FE38CD41F2F0F240052EC74 /* Frameworks */,
				7FE38CD51F2F0F240052EC74 /* Resources */,
			);
			buildRules = (
			);
			dependencies = (
			);
			name = TripShip;
			productName = TripShip;
			productReference = 7FE38CD71F2F0F250052EC74 /* TripShip.app */;
			productType = "com.apple.product-type.application";
		};
		7FE38CEA1F2F0F250052EC74 /* TripShipTests */ = {
			isa = PBXNativeTarget;
			buildConfigurationList = 7FE38D021F2F0F260052EC74 /* Build configuration list for PBXNativeTarget "TripShipTests" */;
			buildPhases = (
				7FE38CE71F2F0F250052EC74 /* Sources */,
				7FE38CE81F2F0F250052EC74 /* Frameworks */,
				7FE38CE91F2F0F250052EC74 /* Resources */,
			);
			buildRules = (
			);
			dependencies = (
				7FE38CED1F2F0F250052EC74 /* PBXTargetDependency */,
			);
			name = TripShipTests;
			productName = TripShipTests;
			productReference = 7FE38CEB1F2F0F250052EC74 /* TripShipTests.xctest */;
			productType = "com.apple.product-type.bundle.unit-test";
		};
		7FE38CF51F2F0F250052EC74 /* TripShipUITests */ = {
			isa = PBXNativeTarget;
			buildConfigurationList = 7FE38D051F2F0F260052EC74 /* Build configuration list for PBXNativeTarget "TripShipUITests" */;
			buildPhases = (
				7FE38CF21F2F0F250052EC74 /* Sources */,
				7FE38CF31F2F0F250052EC74 /* Frameworks */,
				7FE38CF41F2F0F250052EC74 /* Resources */,
			);
			buildRules = (
			);
			dependencies = (
				7FE38CF81F2F0F260052EC74 /* PBXTargetDependency */,
			);
			name = TripShipUITests;
			productName = TripShipUITests;
			productReference = 7FE38CF61F2F0F250052EC74 /* TripShipUITests.xctest */;
			productType = "com.apple.product-type.bundle.ui-testing";
		};
/* End PBXNativeTarget section */

/* Begin PBXProject section */
		7FE38CCF1F2F0F240052EC74 /* Project object */ = {
			isa = PBXProject;
			attributes = {
				LastSwiftUpdateCheck = 0820;
				LastUpgradeCheck = 0820;
				ORGANIZATIONNAME = ahmad;
				TargetAttributes = {
					7FE38CD61F2F0F240052EC74 = {
						CreatedOnToolsVersion = 8.2.1;
						DevelopmentTeam = B93PQE7TM3;
						ProvisioningStyle = Manual;
					};
					7FE38CEA1F2F0F250052EC74 = {
						CreatedOnToolsVersion = 8.2.1;
						DevelopmentTeam = B93PQE7TM3;
						ProvisioningStyle = Automatic;
						TestTargetID = 7FE38CD61F2F0F240052EC74;
					};
					7FE38CF51F2F0F250052EC74 = {
						CreatedOnToolsVersion = 8.2.1;
						DevelopmentTeam = B93PQE7TM3;
						ProvisioningStyle = Automatic;
						TestTargetID = 7FE38CD61F2F0F240052EC74;
					};
				};
			};
			buildConfigurationList = 7FE38CD21F2F0F240052EC74 /* Build configuration list for PBXProject "TripShip" */;
			compatibilityVersion = "Xcode 3.2";
			developmentRegion = English;
			hasScannedForEncodings = 0;
			knownRegions = (
				en,
				Base,
			);
			mainGroup = 7FE38CCE1F2F0F240052EC74;
			productRefGroup = 7FE38CD81F2F0F250052EC74 /* Products */;
			projectDirPath = "";
			projectRoot = "";
			targets = (
				7FE38CD61F2F0F240052EC74 /* TripShip */,
				7FE38CEA1F2F0F250052EC74 /* TripShipTests */,
				7FE38CF51F2F0F250052EC74 /* TripShipUITests */,
			);
		};
/* End PBXProject section */

/* Begin PBXResourcesBuildPhase section */
		7FE38CD51F2F0F240052EC74 /* Resources */ = {
			isa = PBXResourcesBuildPhase;
			buildActionMask = 2147483647;
			files = (
				7FE38D101F2F19060052EC74 /* logo.png in Resources */,
				7F454F4C1F2F733200D59172 /* galleryMarker.png in Resources */,
				7FE38D1A1F2F20840052EC74 /* MapViewController.xib in Resources */,
				7FE38D151F2F199C0052EC74 /* SignupViewController.xib in Resources */,
				7FE38CE51F2F0F250052EC74 /* LaunchScreen.storyboard in Resources */,
				7F454F4A1F2F71F200D59172 /* current_location.png in Resources */,
				7FE38CE21F2F0F250052EC74 /* Assets.xcassets in Resources */,
				7FE38D201F2F374C0052EC74 /* white.png in Resources */,
				7FFC27AE1F3075AD00352080 /* MarkerInfo.plist in Resources */,
				7FE38D0C1F2F173F0052EC74 /* HomeViewController.xib in Resources */,
				7FE38D231F2F6F480052EC74 /* marker.png in Resources */,
				7F454F491F2F71F200D59172 /* add_marker.png in Resources */,
			);
			runOnlyForDeploymentPostprocessing = 0;
		};
		7FE38CE91F2F0F250052EC74 /* Resources */ = {
			isa = PBXResourcesBuildPhase;
			buildActionMask = 2147483647;
			files = (
			);
			runOnlyForDeploymentPostprocessing = 0;
		};
		7FE38CF41F2F0F250052EC74 /* Resources */ = {
			isa = PBXResourcesBuildPhase;
			buildActionMask = 2147483647;
			files = (
			);
			runOnlyForDeploymentPostprocessing = 0;
		};
/* End PBXResourcesBuildPhase section */

/* Begin PBXSourcesBuildPhase section */
		7FE38CD31F2F0F240052EC74 /* Sources */ = {
			isa = PBXSourcesBuildPhase;
			buildActionMask = 2147483647;
			files = (
				7FE38D141F2F199C0052EC74 /* SignupViewController.swift in Sources */,
				7FE38CDB1F2F0F250052EC74 /* AppDelegate.swift in Sources */,
				7FE38D0B1F2F173F0052EC74 /* HomeViewController.swift in Sources */,
				7FE38D191F2F20840052EC74 /* MapViewController.swift in Sources */,
			);
			runOnlyForDeploymentPostprocessing = 0;
		};
		7FE38CE71F2F0F250052EC74 /* Sources */ = {
			isa = PBXSourcesBuildPhase;
			buildActionMask = 2147483647;
			files = (
				7FE38CF01F2F0F250052EC74 /* TripShipTests.swift in Sources */,
			);
			runOnlyForDeploymentPostprocessing = 0;
		};
		7FE38CF21F2F0F250052EC74 /* Sources */ = {
			isa = PBXSourcesBuildPhase;
			buildActionMask = 2147483647;
			files = (
				7FE38CFB1F2F0F260052EC74 /* TripShipUITests.swift in Sources */,
			);
			runOnlyForDeploymentPostprocessing = 0;
		};
/* End PBXSourcesBuildPhase section */

/* Begin PBXTargetDependency section */
		7FE38CED1F2F0F250052EC74 /* PBXTargetDependency */ = {
			isa = PBXTargetDependency;
			target = 7FE38CD61F2F0F240052EC74 /* TripShip */;
			targetProxy = 7FE38CEC1F2F0F250052EC74 /* PBXContainerItemProxy */;
		};
		7FE38CF81F2F0F260052EC74 /* PBXTargetDependency */ = {
			isa = PBXTargetDependency;
			target = 7FE38CD61F2F0F240052EC74 /* TripShip */;
			targetProxy = 7FE38CF71F2F0F260052EC74 /* PBXContainerItemProxy */;
		};
/* End PBXTargetDependency section */

/* Begin PBXVariantGroup section */
		7FE38CE31F2F0F250052EC74 /* LaunchScreen.storyboard */ = {
			isa = PBXVariantGroup;
			children = (
				7FE38CE41F2F0F250052EC74 /* Base */,
			);
			name = LaunchScreen.storyboard;
			sourceTree = "<group>";
		};
/* End PBXVariantGroup section */

/* Begin XCBuildConfiguration section */
		7FE38CFD1F2F0F260052EC74 /* Debug */ = {
			isa = XCBuildConfiguration;
			buildSettings = {
				ALWAYS_SEARCH_USER_PATHS = NO;
				CLANG_ANALYZER_NONNULL = YES;
				CLANG_CXX_LANGUAGE_STANDARD = "gnu++0x";
				CLANG_CXX_LIBRARY = "libc++";
				CLANG_ENABLE_MODULES = YES;
				CLANG_ENABLE_OBJC_ARC = YES;
				CLANG_WARN_BOOL_CONVERSION = YES;
				CLANG_WARN_CONSTANT_CONVERSION = YES;
				CLANG_WARN_DIRECT_OBJC_ISA_USAGE = YES_ERROR;
				CLANG_WARN_DOCUMENTATION_COMMENTS = YES;
				CLANG_WARN_EMPTY_BODY = YES;
				CLANG_WARN_ENUM_CONVERSION = YES;
				CLANG_WARN_INFINITE_RECURSION = YES;
				CLANG_WARN_INT_CONVERSION = YES;
				CLANG_WARN_OBJC_ROOT_CLASS = YES_ERROR;
				CLANG_WARN_SUSPICIOUS_MOVE = YES;
				CLANG_WARN_UNREACHABLE_CODE = YES;
				CLANG_WARN__DUPLICATE_METHOD_MATCH = YES;
				"CODE_SIGN_IDENTITY[sdk=iphoneos*]" = "iPhone Developer";
				COPY_PHASE_STRIP = NO;
				DEBUG_INFORMATION_FORMAT = dwarf;
				ENABLE_STRICT_OBJC_MSGSEND = YES;
				ENABLE_TESTABILITY = YES;
				GCC_C_LANGUAGE_STANDARD = gnu99;
				GCC_DYNAMIC_NO_PIC = NO;
				GCC_NO_COMMON_BLOCKS = YES;
				GCC_OPTIMIZATION_LEVEL = 0;
				GCC_PREPROCESSOR_DEFINITIONS = (
					"DEBUG=1",
					"$(inherited)",
				);
				GCC_WARN_64_TO_32_BIT_CONVERSION = YES;
				GCC_WARN_ABOUT_RETURN_TYPE = YES_ERROR;
				GCC_WARN_UNDECLARED_SELECTOR = YES;
				GCC_WARN_UNINITIALIZED_AUTOS = YES_AGGRESSIVE;
				GCC_WARN_UNUSED_FUNCTION = YES;
				GCC_WARN_UNUSED_VARIABLE = YES;
				IPHONEOS_DEPLOYMENT_TARGET = 10.2;
				MTL_ENABLE_DEBUG_INFO = YES;
				ONLY_ACTIVE_ARCH = YES;
				SDKROOT = iphoneos;
				SWIFT_ACTIVE_COMPILATION_CONDITIONS = DEBUG;
				SWIFT_OPTIMIZATION_LEVEL = "-Onone";
				TARGETED_DEVICE_FAMILY = "1,2";
			};
			name = Debug;
		};
		7FE38CFE1F2F0F260052EC74 /* Release */ = {
			isa = XCBuildConfiguration;
			buildSettings = {
				ALWAYS_SEARCH_USER_PATHS = NO;
				CLANG_ANALYZER_NONNULL = YES;
				CLANG_CXX_LANGUAGE_STANDARD = "gnu++0x";
				CLANG_CXX_LIBRARY = "libc++";
				CLANG_ENABLE_MODULES = YES;
				CLANG_ENABLE_OBJC_ARC = YES;
				CLANG_WARN_BOOL_CONVERSION = YES;
				CLANG_WARN_CONSTANT_CONVERSION = YES;
				CLANG_WARN_DIRECT_OBJC_ISA_USAGE = YES_ERROR;
				CLANG_WARN_DOCUMENTATION_COMMENTS = YES;
				CLANG_WARN_EMPTY_BODY = YES;
				CLANG_WARN_ENUM_CONVERSION = YES;
				CLANG_WARN_INFINITE_RECURSION = YES;
				CLANG_WARN_INT_CONVERSION = YES;
				CLANG_WARN_OBJC_ROOT_CLASS = YES_ERROR;
				CLANG_WARN_SUSPICIOUS_MOVE = YES;
				CLANG_WARN_UNREACHABLE_CODE = YES;
				CLANG_WARN__DUPLICATE_METHOD_MATCH = YES;
				"CODE_SIGN_IDENTITY[sdk=iphoneos*]" = "iPhone Developer";
				COPY_PHASE_STRIP = NO;
				DEBUG_INFORMATION_FORMAT = "dwarf-with-dsym";
				ENABLE_NS_ASSERTIONS = NO;
				ENABLE_STRICT_OBJC_MSGSEND = YES;
				GCC_C_LANGUAGE_STANDARD = gnu99;
				GCC_NO_COMMON_BLOCKS = YES;
				GCC_WARN_64_TO_32_BIT_CONVERSION = YES;
				GCC_WARN_ABOUT_RETURN_TYPE = YES_ERROR;
				GCC_WARN_UNDECLARED_SELECTOR = YES;
				GCC_WARN_UNINITIALIZED_AUTOS = YES_AGGRESSIVE;
				GCC_WARN_UNUSED_FUNCTION = YES;
				GCC_WARN_UNUSED_VARIABLE = YES;
				IPHONEOS_DEPLOYMENT_TARGET = 10.2;
				MTL_ENABLE_DEBUG_INFO = NO;
				SDKROOT = iphoneos;
				SWIFT_OPTIMIZATION_LEVEL = "-Owholemodule";
				TARGETED_DEVICE_FAMILY = "1,2";
				VALIDATE_PRODUCT = YES;
			};
			name = Release;
		};
		7FE38D001F2F0F260052EC74 /* Debug */ = {
			isa = XCBuildConfiguration;
			buildSettings = {
				ASSETCATALOG_COMPILER_APPICON_NAME = AppIcon;
				CODE_SIGN_IDENTITY = "iPhone Developer: Tyler Brown (279RKCVBF6)";
				"CODE_SIGN_IDENTITY[sdk=iphoneos*]" = "iPhone Developer: Tyler Brown (279RKCVBF6)";
				DEVELOPMENT_TEAM = B93PQE7TM3;
				INFOPLIST_FILE = TripShip/Info.plist;
				LD_RUNPATH_SEARCH_PATHS = "$(inherited) @executable_path/Frameworks";
				PRODUCT_BUNDLE_IDENTIFIER = com.ahmad.TripShip;
				PRODUCT_NAME = "$(TARGET_NAME)";
				PROVISIONING_PROFILE = "7add7101-b63d-4791-8f7c-2c1f1e7cb410";
				PROVISIONING_PROFILE_SPECIFIER = "App Wildcard";
				SWIFT_VERSION = 3.0;
			};
			name = Debug;
		};
		7FE38D011F2F0F260052EC74 /* Release */ = {
			isa = XCBuildConfiguration;
			buildSettings = {
				ASSETCATALOG_COMPILER_APPICON_NAME = AppIcon;
				CODE_SIGN_IDENTITY = "iPhone Developer: Tyler Brown (279RKCVBF6)";
				"CODE_SIGN_IDENTITY[sdk=iphoneos*]" = "iPhone Developer: Tyler Brown (279RKCVBF6)";
				DEVELOPMENT_TEAM = B93PQE7TM3;
				INFOPLIST_FILE = TripShip/Info.plist;
				LD_RUNPATH_SEARCH_PATHS = "$(inherited) @executable_path/Frameworks";
				PRODUCT_BUNDLE_IDENTIFIER = com.ahmad.TripShip;
				PRODUCT_NAME = "$(TARGET_NAME)";
				PROVISIONING_PROFILE = "7add7101-b63d-4791-8f7c-2c1f1e7cb410";
				PROVISIONING_PROFILE_SPECIFIER = "App Wildcard";
				SWIFT_VERSION = 3.0;
			};
			name = Release;
		};
		7FE38D031F2F0F260052EC74 /* Debug */ = {
			isa = XCBuildConfiguration;
			buildSettings = {
				ALWAYS_EMBED_SWIFT_STANDARD_LIBRARIES = YES;
				BUNDLE_LOADER = "$(TEST_HOST)";
				DEVELOPMENT_TEAM = B93PQE7TM3;
				INFOPLIST_FILE = TripShipTests/Info.plist;
				LD_RUNPATH_SEARCH_PATHS = "$(inherited) @executable_path/Frameworks @loader_path/Frameworks";
				PRODUCT_BUNDLE_IDENTIFIER = com.ahmad.TripShipTests;
				PRODUCT_NAME = "$(TARGET_NAME)";
				SWIFT_VERSION = 3.0;
				TEST_HOST = "$(BUILT_PRODUCTS_DIR)/TripShip.app/TripShip";
			};
			name = Debug;
		};
		7FE38D041F2F0F260052EC74 /* Release */ = {
			isa = XCBuildConfiguration;
			buildSettings = {
				ALWAYS_EMBED_SWIFT_STANDARD_LIBRARIES = YES;
				BUNDLE_LOADER = "$(TEST_HOST)";
				DEVELOPMENT_TEAM = B93PQE7TM3;
				INFOPLIST_FILE = TripShipTests/Info.plist;
				LD_RUNPATH_SEARCH_PATHS = "$(inherited) @executable_path/Frameworks @loader_path/Frameworks";
				PRODUCT_BUNDLE_IDENTIFIER = com.ahmad.TripShipTests;
				PRODUCT_NAME = "$(TARGET_NAME)";
				SWIFT_VERSION = 3.0;
				TEST_HOST = "$(BUILT_PRODUCTS_DIR)/TripShip.app/TripShip";
			};
			name = Release;
		};
		7FE38D061F2F0F260052EC74 /* Debug */ = {
			isa = XCBuildConfiguration;
			buildSettings = {
				ALWAYS_EMBED_SWIFT_STANDARD_LIBRARIES = YES;
				DEVELOPMENT_TEAM = B93PQE7TM3;
				INFOPLIST_FILE = TripShipUITests/Info.plist;
				LD_RUNPATH_SEARCH_PATHS = "$(inherited) @executable_path/Frameworks @loader_path/Frameworks";
				PRODUCT_BUNDLE_IDENTIFIER = com.ahmad.TripShipUITests;
				PRODUCT_NAME = "$(TARGET_NAME)";
				SWIFT_VERSION = 3.0;
				TEST_TARGET_NAME = TripShip;
			};
			name = Debug;
		};
		7FE38D071F2F0F260052EC74 /* Release */ = {
			isa = XCBuildConfiguration;
			buildSettings = {
				ALWAYS_EMBED_SWIFT_STANDARD_LIBRARIES = YES;
				DEVELOPMENT_TEAM = B93PQE7TM3;
				INFOPLIST_FILE = TripShipUITests/Info.plist;
				LD_RUNPATH_SEARCH_PATHS = "$(inherited) @executable_path/Frameworks @loader_path/Frameworks";
				PRODUCT_BUNDLE_IDENTIFIER = com.ahmad.TripShipUITests;
				PRODUCT_NAME = "$(TARGET_NAME)";
				SWIFT_VERSION = 3.0;
				TEST_TARGET_NAME = TripShip;
			};
			name = Release;
		};
/* End XCBuildConfiguration section */

/* Begin XCConfigurationList section */
		7FE38CD21F2F0F240052EC74 /* Build configuration list for PBXProject "TripShip" */ = {
			isa = XCConfigurationList;
			buildConfigurations = (
				7FE38CFD1F2F0F260052EC74 /* Debug */,
				7FE38CFE1F2F0F260052EC74 /* Release */,
			);
			defaultConfigurationIsVisible = 0;
			defaultConfigurationName = Release;
		};
		7FE38CFF1F2F0F260052EC74 /* Build configuration list for PBXNativeTarget "TripShip" */ = {
			isa = XCConfigurationList;
			buildConfigurations = (
				7FE38D001F2F0F260052EC74 /* Debug */,
				7FE38D011F2F0F260052EC74 /* Release */,
			);
			defaultConfigurationIsVisible = 0;
			defaultConfigurationName = Release;
		};
		7FE38D021F2F0F260052EC74 /* Build configuration list for PBXNativeTarget "TripShipTests" */ = {
			isa = XCConfigurationList;
			buildConfigurations = (
				7FE38D031F2F0F260052EC74 /* Debug */,
				7FE38D041F2F0F260052EC74 /* Release */,
			);
			defaultConfigurationIsVisible = 0;
			defaultConfigurationName = Release;
		};
		7FE38D051F2F0F260052EC74 /* Build configuration list for PBXNativeTarget "TripShipUITests" */ = {
			isa = XCConfigurationList;
			buildConfigurations = (
				7FE38D061F2F0F260052EC74 /* Debug */,
				7FE38D071F2F0F260052EC74 /* Release */,
			);
			defaultConfigurationIsVisible = 0;
			defaultConfigurationName = Release;
		};
/* End XCConfigurationList section */
	};
	rootObject = 7FE38CCF1F2F0F240052EC74 /* Project object */;
}
